// !$*UTF8*$!
{
	archiveVersion = 1;
	classes = {
	};
	objectVersion = 46;
	objects = {

/* Begin PBXBuildFile section */
		FAC404D016014B7B000610FC /* UIKit.framework in Frameworks */ = {isa = PBXBuildFile; fileRef = FAC404CF16014B7B000610FC /* UIKit.framework */; };
		FAC404D216014B7B000610FC /* Foundation.framework in Frameworks */ = {isa = PBXBuildFile; fileRef = FAC404D116014B7B000610FC /* Foundation.framework */; };
		FAC404D416014B7B000610FC /* CoreGraphics.framework in Frameworks */ = {isa = PBXBuildFile; fileRef = FAC404D316014B7B000610FC /* CoreGraphics.framework */; };
		FAC404DA16014B7B000610FC /* InfoPlist.strings in Resources */ = {isa = PBXBuildFile; fileRef = FAC404D816014B7B000610FC /* InfoPlist.strings */; };
		FAC404DC16014B7B000610FC /* main.m in Sources */ = {isa = PBXBuildFile; fileRef = FAC404DB16014B7B000610FC /* main.m */; };
		FAC404E016014B7B000610FC /* AppDelegate.m in Sources */ = {isa = PBXBuildFile; fileRef = FAC404DF16014B7B000610FC /* AppDelegate.m */; };
		FAC404E316014B7B000610FC /* ViewController.m in Sources */ = {isa = PBXBuildFile; fileRef = FAC404E216014B7B000610FC /* ViewController.m */; };
		FAC404E616014B7B000610FC /* ViewController.xib in Resources */ = {isa = PBXBuildFile; fileRef = FAC404E416014B7B000610FC /* ViewController.xib */; };
/* End PBXBuildFile section */

/* Begin PBXFileReference section */
		FAC404CB16014B7B000610FC /* Project3.app */ = {isa = PBXFileReference; explicitFileType = wrapper.application; includeInIndex = 0; path = Project3.app; sourceTree = BUILT_PRODUCTS_DIR; };
		FAC404CF16014B7B000610FC /* UIKit.framework */ = {isa = PBXFileReference; lastKnownFileType = wrapper.framework; name = UIKit.framework; path = System/Library/Frameworks/UIKit.framework; sourceTree = SDKROOT; };
		FAC404D116014B7B000610FC /* Foundation.framework */ = {isa = PBXFileReference; lastKnownFileType = wrapper.framework; name = Foundation.framework; path = System/Library/Frameworks/Foundation.framework; sourceTree = SDKROOT; };
		FAC404D316014B7B000610FC /* CoreGraphics.framework */ = {isa = PBXFileReference; lastKnownFileType = wrapper.framework; name = CoreGraphics.framework; path = System/Library/Frameworks/CoreGraphics.framework; sourceTree = SDKROOT; };
		FAC404D716014B7B000610FC /* Project3-Info.plist */ = {isa = PBXFileReference; lastKnownFileType = text.plist.xml; path = "Project3-Info.plist"; sourceTree = "<group>"; };
		FAC404D916014B7B000610FC /* en */ = {isa = PBXFileReference; lastKnownFileType = text.plist.strings; name = en; path = en.lproj/InfoPlist.strings; sourceTree = "<group>"; };
		FAC404DB16014B7B000610FC /* main.m */ = {isa = PBXFileReference; lastKnownFileType = sourcecode.c.objc; path = main.m; sourceTree = "<group>"; };
		FAC404DD16014B7B000610FC /* Project3-Prefix.pch */ = {isa = PBXFileReference; lastKnownFileType = sourcecode.c.h; path = "Project3-Prefix.pch"; sourceTree = "<group>"; };
		FAC404DE16014B7B000610FC /* AppDelegate.h */ = {isa = PBXFileReference; lastKnownFileType = sourcecode.c.h; path = AppDelegate.h; sourceTree = "<group>"; };
		FAC404DF16014B7B000610FC /* AppDelegate.m */ = {isa = PBXFileReference; lastKnownFileType = sourcecode.c.objc; path = AppDelegate.m; sourceTree = "<group>"; };
		FAC404E116014B7B000610FC /* ViewController.h */ = {isa = PBXFileReference; lastKnownFileType = sourcecode.c.h; path = ViewController.h; sourceTree = "<group>"; };
		FAC404E216014B7B000610FC /* ViewController.m */ = {isa = PBXFileReference; lastKnownFileType = sourcecode.c.objc; path = ViewController.m; sourceTree = "<group>"; };
		FAC404E516014B7B000610FC /* en */ = {isa = PBXFileReference; lastKnownFileType = file.xib; name = en; path = en.lproj/ViewController.xib; sourceTree = "<group>"; };
/* End PBXFileReference section */

/* Begin PBXFrameworksBuildPhase section */
		FAC404C816014B7B000610FC /* Frameworks */ = {
			isa = PBXFrameworksBuildPhase;
			buildActionMask = 2147483647;
			files = (
				FAC404D016014B7B000610FC /* UIKit.framework in Frameworks */,
				FAC404D216014B7B000610FC /* Foundation.framework in Frameworks */,
				FAC404D416014B7B000610FC /* CoreGraphics.framework in Frameworks */,
			);
			runOnlyForDeploymentPostprocessing = 0;
		};
/* End PBXFrameworksBuildPhase section */

/* Begin PBXGroup section */
		FAC404C016014B7B000610FC = {
			isa = PBXGroup;
			children = (
				FAC404D516014B7B000610FC /* Project3 */,
				FAC404CE16014B7B000610FC /* Frameworks */,
				FAC404CC16014B7B000610FC /* Products */,
			);
			sourceTree = "<group>";
		};
		FAC404CC16014B7B000610FC /* Products */ = {
			isa = PBXGroup;
			children = (
				FAC404CB16014B7B000610FC /* Project3.app */,
			);
			name = Products;
			sourceTree = "<group>";
		};
		FAC404CE16014B7B000610FC /* Frameworks */ = {
			isa = PBXGroup;
			children = (
				FAC404CF16014B7B000610FC /* UIKit.framework */,
				FAC404D116014B7B000610FC /* Foundation.framework */,
				FAC404D316014B7B000610FC /* CoreGraphics.framework */,
			);
			name = Frameworks;
			sourceTree = "<group>";
		};
		FAC404D516014B7B000610FC /* Project3 */ = {
			isa = PBXGroup;
			children = (
				FAC404DE16014B7B000610FC /* AppDelegate.h */,
				FAC404DF16014B7B000610FC /* AppDelegate.m */,
				FAC404E116014B7B000610FC /* ViewController.h */,
				FAC404E216014B7B000610FC /* ViewController.m */,
				FAC404E416014B7B000610FC /* ViewController.xib */,
				FAC404D616014B7B000610FC /* Supporting Files */,
			);
			path = Project3;
			sourceTree = "<group>";
		};
		FAC404D616014B7B000610FC /* Supporting Files */ = {
			isa = PBXGroup;
			children = (
				FAC404D716014B7B000610FC /* Project3-Info.plist */,
				FAC404D816014B7B000610FC /* InfoPlist.strings */,
				FAC404DB16014B7B000610FC /* main.m */,
				FAC404DD16014B7B000610FC /* Project3-Prefix.pch */,
			);
			name = "Supporting Files";
			sourceTree = "<group>";
		};
/* End PBXGroup section */

/* Begin PBXNativeTarget section */
		FAC404CA16014B7B000610FC /* Project3 */ = {
			isa = PBXNativeTarget;
			buildConfigurationList = FAC404E916014B7B000610FC /* Build configuration list for PBXNativeTarget "Project3" */;
			buildPhases = (
				FAC404C716014B7B000610FC /* Sources */,
				FAC404C816014B7B000610FC /* Frameworks */,
				FAC404C916014B7B000610FC /* Resources */,
			);
			buildRules = (
			);
			dependencies = (
			);
			name = Project3;
			productName = Project3;
			productReference = FAC404CB16014B7B000610FC /* Project3.app */;
			productType = "com.apple.product-type.application";
		};
/* End PBXNativeTarget section */

/* Begin PBXProject section */
		FAC404C216014B7B000610FC /* Project object */ = {
			isa = PBXProject;
			attributes = {
				LastUpgradeCheck = 0440;
				ORGANIZATIONNAME = "Russell Carlin";
			};
			buildConfigurationList = FAC404C516014B7B000610FC /* Build configuration list for PBXProject "Project3" */;
			compatibilityVersion = "Xcode 3.2";
			developmentRegion = English;
			hasScannedForEncodings = 0;
			knownRegions = (
				en,
			);
			mainGroup = FAC404C016014B7B000610FC;
			productRefGroup = FAC404CC16014B7B000610FC /* Products */;
			projectDirPath = "";
			projectRoot = "";
			targets = (
				FAC404CA16014B7B000610FC /* Project3 */,
			);
		};
/* End PBXProject section */

/* Begin PBXResourcesBuildPhase section */
		FAC404C916014B7B000610FC /* Resources */ = {
			isa = PBXResourcesBuildPhase;
			buildActionMask = 2147483647;
			files = (
				FAC404DA16014B7B000610FC /* InfoPlist.strings in Resources */,
				FAC404E616014B7B000610FC /* ViewController.xib in Resources */,
			);
			runOnlyForDeploymentPostprocessing = 0;
		};
/* End PBXResourcesBuildPhase section */

/* Begin PBXSourcesBuildPhase section */
		FAC404C716014B7B000610FC /* Sources */ = {
			isa = PBXSourcesBuildPhase;
			buildActionMask = 2147483647;
			files = (
				FAC404DC16014B7B000610FC /* main.m in Sources */,
				FAC404E016014B7B000610FC /* AppDelegate.m in Sources */,
				FAC404E316014B7B000610FC /* ViewController.m in Sources */,
			);
			runOnlyForDeploymentPostprocessing = 0;
		};
/* End PBXSourcesBuildPhase section */

/* Begin PBXVariantGroup section */
		FAC404D816014B7B000610FC /* InfoPlist.strings */ = {
			isa = PBXVariantGroup;
			children = (
				FAC404D916014B7B000610FC /* en */,
			);
			name = InfoPlist.strings;
			sourceTree = "<group>";
		};
		FAC404E416014B7B000610FC /* ViewController.xib */ = {
			isa = PBXVariantGroup;
			children = (
				FAC404E516014B7B000610FC /* en */,
			);
			name = ViewController.xib;
			sourceTree = "<group>";
		};
/* End PBXVariantGroup section */

/* Begin XCBuildConfiguration section */
		FAC404E716014B7B000610FC /* Debug */ = {
			isa = XCBuildConfiguration;
			buildSettings = {
				ALWAYS_SEARCH_USER_PATHS = NO;
				ARCHS = "$(ARCHS_STANDARD_32_BIT)";
				CLANG_CXX_LANGUAGE_STANDARD = "gnu++0x";
				CLANG_WARN__DUPLICATE_METHOD_MATCH = YES;
				"CODE_SIGN_IDENTITY[sdk=iphoneos*]" = "iPhone Developer";
				COPY_PHASE_STRIP = NO;
				GCC_C_LANGUAGE_STANDARD = gnu99;
				GCC_DYNAMIC_NO_PIC = NO;
				GCC_OPTIMIZATION_LEVEL = 0;
				GCC_PREPROCESSOR_DEFINITIONS = (
					"DEBUG=1",
					"$(inherited)",
				);
				GCC_SYMBOLS_PRIVATE_EXTERN = NO;
				GCC_VERSION = com.apple.compilers.llvm.clang.1_0;
				GCC_WARN_ABOUT_RETURN_TYPE = YES;
				GCC_WARN_UNINITIALIZED_AUTOS = YES;
				GCC_WARN_UNUSED_VARIABLE = YES;
				IPHONEOS_DEPLOYMENT_TARGET = 5.1;
				SDKROOT = iphoneos;
			};
			name = Debug;
		};
		FAC404E816014B7B000610FC /* Release */ = {
			isa = XCBuildConfiguration;
			buildSettings = {
				ALWAYS_SEARCH_USER_PATHS = NO;
				ARCHS = "$(ARCHS_STANDARD_32_BIT)";
				CLANG_CXX_LANGUAGE_STANDARD = "gnu++0x";
				CLANG_WARN__DUPLICATE_METHOD_MATCH = YES;
				"CODE_SIGN_IDENTITY[sdk=iphoneos*]" = "iPhone Developer";
				COPY_PHASE_STRIP = YES;
				GCC_C_LANGUAGE_STANDARD = gnu99;
				GCC_VERSION = com.apple.compilers.llvm.clang.1_0;
				GCC_WARN_ABOUT_RETURN_TYPE = YES;
				GCC_WARN_UNINITIALIZED_AUTOS = YES;
				GCC_WARN_UNUSED_VARIABLE = YES;
				IPHONEOS_DEPLOYMENT_TARGET = 5.1;
				OTHER_CFLAGS = "-DNS_BLOCK_ASSERTIONS=1";
				SDKROOT = iphoneos;
				VALIDATE_PRODUCT = YES;
			};
			name = Release;
		};
		FAC404EA16014B7B000610FC /* Debug */ = {
			isa = XCBuildConfiguration;
			buildSettings = {
				GCC_PRECOMPILE_PREFIX_HEADER = YES;
				GCC_PREFIX_HEADER = "Project3/Project3-Prefix.pch";
				INFOPLIST_FILE = "Project3/Project3-Info.plist";
				PRODUCT_NAME = "$(TARGET_NAME)";
				WRAPPER_EXTENSION = app;
			};
			name = Debug;
		};
		FAC404EB16014B7B000610FC /* Release */ = {
			isa = XCBuildConfiguration;
			buildSettings = {
				GCC_PRECOMPILE_PREFIX_HEADER = YES;
				GCC_PREFIX_HEADER = "Project3/Project3-Prefix.pch";
				INFOPLIST_FILE = "Project3/Project3-Info.plist";
				PRODUCT_NAME = "$(TARGET_NAME)";
				WRAPPER_EXTENSION = app;
			};
			name = Release;
		};
/* End XCBuildConfiguration section */

/* Begin XCConfigurationList section */
		FAC404C516014B7B000610FC /* Build configuration list for PBXProject "Project3" */ = {
			isa = XCConfigurationList;
			buildConfigurations = (
				FAC404E716014B7B000610FC /* Debug */,
				FAC404E816014B7B000610FC /* Release */,
			);
			defaultConfigurationIsVisible = 0;
			defaultConfigurationName = Release;
		};
		FAC404E916014B7B000610FC /* Build configuration list for PBXNativeTarget "Project3" */ = {
			isa = XCConfigurationList;
			buildConfigurations = (
				FAC404EA16014B7B000610FC /* Debug */,
				FAC404EB16014B7B000610FC /* Release */,
			);
			defaultConfigurationIsVisible = 0;
		};
/* End XCConfigurationList section */
	};
	rootObject = FAC404C216014B7B000610FC /* Project object */;
}
